
Microsoft Visual Studio Solution File, Format Version 12.00
# Visual Studio 15
VisualStudioVersion = 15.0.28307.852
MinimumVisualStudioVersion = 10.0.40219.1
Project("{FAE04EC0-301F-11D3-BF4B-00C04F79EFBC}") = "Contratista", "Contratista\Contratista.csproj", "{D1F76D77-369F-407A-978E-273E66FF2346}"
EndProject
Project("{FAE04EC0-301F-11D3-BF4B-00C04F79EFBC}") = "Contratista.Android", "Contratista.Android\Contratista.Android.csproj", "{B677063D-938F-4344-915F-494A13551329}"
EndProject
Project("{FAE04EC0-301F-11D3-BF4B-00C04F79EFBC}") = "Contratista.iOS", "Contratista.iOS\Contratista.iOS.csproj", "{3BB6674D-1E2A-4CFC-9B5D-2510529F2A8C}"
EndProject
Global
	GlobalSection(SolutionConfigurationPlatforms) = preSolution
		Ad-Hoc|Any CPU = Ad-Hoc|Any CPU
		Ad-Hoc|iPhone = Ad-Hoc|iPhone
		Ad-Hoc|iPhoneSimulator = Ad-Hoc|iPhoneSimulator
		AppStore|Any CPU = AppStore|Any CPU
		AppStore|iPhone = AppStore|iPhone
		AppStore|iPhoneSimulator = AppStore|iPhoneSimulator
		Debug|Any CPU = Debug|Any CPU
		Debug|iPhone = Debug|iPhone
		Debug|iPhoneSimulator = Debug|iPhoneSimulator
		Release|Any CPU = Release|Any CPU
		Release|iPhone = Release|iPhone
		Release|iPhoneSimulator = Release|iPhoneSimulator
	EndGlobalSection
	GlobalSection(ProjectConfigurationPlatforms) = postSolution
		{D1F76D77-369F-407A-978E-273E66FF2346}.Ad-Hoc|Any CPU.ActiveCfg = Debug|Any CPU
		{D1F76D77-369F-407A-978E-273E66FF2346}.Ad-Hoc|Any CPU.Build.0 = Debug|Any CPU
		{D1F76D77-369F-407A-978E-273E66FF2346}.Ad-Hoc|iPhone.ActiveCfg = Debug|Any CPU
		{D1F76D77-369F-407A-978E-273E66FF2346}.Ad-Hoc|iPhone.Build.0 = Debug|Any CPU
		{D1F76D77-369F-407A-978E-273E66FF2346}.Ad-Hoc|iPhoneSimulator.ActiveCfg = Debug|Any CPU
		{D1F76D77-369F-407A-978E-273E66FF2346}.Ad-Hoc|iPhoneSimulator.Build.0 = Debug|Any CPU
		{D1F76D77-369F-407A-978E-273E66FF2346}.AppStore|Any CPU.ActiveCfg = Debug|Any CPU
		{D1F76D77-369F-407A-978E-273E66FF2346}.AppStore|Any CPU.Build.0 = Debug|Any CPU
		{D1F76D77-369F-407A-978E-273E66FF2346}.AppStore|iPhone.ActiveCfg = Debug|Any CPU
		{D1F76D77-369F-407A-978E-273E66FF2346}.AppStore|iPhone.Build.0 = Debug|Any CPU
		{D1F76D77-369F-407A-978E-273E66FF2346}.AppStore|iPhoneSimulator.ActiveCfg = Debug|Any CPU
		{D1F76D77-369F-407A-978E-273E66FF2346}.AppStore|iPhoneSimulator.Build.0 = Debug|Any CPU
		{D1F76D77-369F-407A-978E-273E66FF2346}.Debug|Any CPU.ActiveCfg = Debug|Any CPU
		{D1F76D77-369F-407A-978E-273E66FF2346}.Debug|Any CPU.Build.0 = Debug|Any CPU
		{D1F76D77-369F-407A-978E-273E66FF2346}.Debug|iPhone.ActiveCfg = Debug|Any CPU
		{D1F76D77-369F-407A-978E-273E66FF2346}.Debug|iPhone.Build.0 = Debug|Any CPU
		{D1F76D77-369F-407A-978E-273E66FF2346}.Debug|iPhoneSimulator.ActiveCfg = Debug|Any CPU
		{D1F76D77-369F-407A-978E-273E66FF2346}.Debug|iPhoneSimulator.Build.0 = Debug|Any CPU
		{D1F76D77-369F-407A-978E-273E66FF2346}.Release|Any CPU.ActiveCfg = Release|Any CPU
		{D1F76D77-369F-407A-978E-273E66FF2346}.Release|Any CPU.Build.0 = Release|Any CPU
		{D1F76D77-369F-407A-978E-273E66FF2346}.Release|iPhone.ActiveCfg = Release|Any CPU
		{D1F76D77-369F-407A-978E-273E66FF2346}.Release|iPhone.Build.0 = Release|Any CPU
		{D1F76D77-369F-407A-978E-273E66FF2346}.Release|iPhoneSimulator.ActiveCfg = Release|Any CPU
		{D1F76D77-369F-407A-978E-273E66FF2346}.Release|iPhoneSimulator.Build.0 = Release|Any CPU
		{B677063D-938F-4344-915F-494A13551329}.Ad-Hoc|Any CPU.ActiveCfg = Release|Any CPU
		{B677063D-938F-4344-915F-494A13551329}.Ad-Hoc|Any CPU.Build.0 = Release|Any CPU
		{B677063D-938F-4344-915F-494A13551329}.Ad-Hoc|Any CPU.Deploy.0 = Release|Any CPU
		{B677063D-938F-4344-915F-494A13551329}.Ad-Hoc|iPhone.ActiveCfg = Release|Any CPU
		{B677063D-938F-4344-915F-494A13551329}.Ad-Hoc|iPhone.Build.0 = Release|Any CPU
		{B677063D-938F-4344-915F-494A13551329}.Ad-Hoc|iPhone.Deploy.0 = Release|Any CPU
		{B677063D-938F-4344-915F-494A13551329}.Ad-Hoc|iPhoneSimulator.ActiveCfg = Release|Any CPU
		{B677063D-938F-4344-915F-494A13551329}.Ad-Hoc|iPhoneSimulator.Build.0 = Release|Any CPU
		{B677063D-938F-4344-915F-494A13551329}.Ad-Hoc|iPhoneSimulator.Deploy.0 = Release|Any CPU
		{B677063D-938F-4344-915F-494A13551329}.AppStore|Any CPU.ActiveCfg = Release|Any CPU
		{B677063D-938F-4344-915F-494A13551329}.AppStore|Any CPU.Build.0 = Release|Any CPU
		{B677063D-938F-4344-915F-494A13551329}.AppStore|Any CPU.Deploy.0 = Release|Any CPU
		{B677063D-938F-4344-915F-494A13551329}.AppStore|iPhone.ActiveCfg = Release|Any CPU
		{B677063D-938F-4344-915F-494A13551329}.AppStore|iPhone.Build.0 = Release|Any CPU
		{B677063D-938F-4344-915F-494A13551329}.AppStore|iPhone.Deploy.0 = Release|Any CPU
		{B677063D-938F-4344-915F-494A13551329}.AppStore|iPhoneSimulator.ActiveCfg = Release|Any CPU
		{B677063D-938F-4344-915F-494A13551329}.AppStore|iPhoneSimulator.Build.0 = Release|Any CPU
		{B677063D-938F-4344-915F-494A13551329}.AppStore|iPhoneSimulator.Deploy.0 = Release|Any CPU
		{B677063D-938F-4344-915F-494A13551329}.Debug|Any CPU.ActiveCfg = Debug|Any CPU
		{B677063D-938F-4344-915F-494A13551329}.Debug|Any CPU.Build.0 = Debug|Any CPU
		{B677063D-938F-4344-915F-494A13551329}.Debug|Any CPU.Deploy.0 = Debug|Any CPU
		{B677063D-938F-4344-915F-494A13551329}.Debug|iPhone.ActiveCfg = Debug|Any CPU
		{B677063D-938F-4344-915F-494A13551329}.Debug|iPhone.Build.0 = Debug|Any CPU
		{B677063D-938F-4344-915F-494A13551329}.Debug|iPhone.Deploy.0 = Debug|Any CPU
		{B677063D-938F-4344-915F-494A13551329}.Debug|iPhoneSimulator.ActiveCfg = Debug|Any CPU
		{B677063D-938F-4344-915F-494A13551329}.Debug|iPhoneSimulator.Build.0 = Debug|Any CPU
		{B677063D-938F-4344-915F-494A13551329}.Debug|iPhoneSimulator.Deploy.0 = Debug|Any CPU
		{B677063D-938F-4344-915F-494A13551329}.Release|Any CPU.ActiveCfg = Release|Any CPU
		{B677063D-938F-4344-915F-494A13551329}.Release|Any CPU.Build.0 = Release|Any CPU
		{B677063D-938F-4344-915F-494A13551329}.Release|Any CPU.Deploy.0 = Release|Any CPU
		{B677063D-938F-4344-915F-494A13551329}.Release|iPhone.ActiveCfg = Release|Any CPU
		{B677063D-938F-4344-915F-494A13551329}.Release|iPhone.Build.0 = Release|Any CPU
		{B677063D-938F-4344-915F-494A13551329}.Release|iPhone.Deploy.0 = Release|Any CPU
		{B677063D-938F-4344-915F-494A13551329}.Release|iPhoneSimulator.ActiveCfg = Release|Any CPU
		{B677063D-938F-4344-915F-494A13551329}.Release|iPhoneSimulator.Build.0 = Release|Any CPU
		{B677063D-938F-4344-915F-494A13551329}.Release|iPhoneSimulator.Deploy.0 = Release|Any CPU
		{3BB6674D-1E2A-4CFC-9B5D-2510529F2A8C}.Ad-Hoc|Any CPU.ActiveCfg = Ad-Hoc|iPhone
		{3BB6674D-1E2A-4CFC-9B5D-2510529F2A8C}.Ad-Hoc|iPhone.ActiveCfg = Ad-Hoc|iPhone
		{3BB6674D-1E2A-4CFC-9B5D-2510529F2A8C}.Ad-Hoc|iPhone.Build.0 = Ad-Hoc|iPhone
		{3BB6674D-1E2A-4CFC-9B5D-2510529F2A8C}.Ad-Hoc|iPhoneSimulator.ActiveCfg = Ad-Hoc|iPhoneSimulator
		{3BB6674D-1E2A-4CFC-9B5D-2510529F2A8C}.Ad-Hoc|iPhoneSimulator.Build.0 = Ad-Hoc|iPhoneSimulator
		{3BB6674D-1E2A-4CFC-9B5D-2510529F2A8C}.AppStore|Any CPU.ActiveCfg = AppStore|iPhone
		{3BB6674D-1E2A-4CFC-9B5D-2510529F2A8C}.AppStore|iPhone.ActiveCfg = AppStore|iPhone
		{3BB6674D-1E2A-4CFC-9B5D-2510529F2A8C}.AppStore|iPhone.Build.0 = AppStore|iPhone
		{3BB6674D-1E2A-4CFC-9B5D-2510529F2A8C}.AppStore|iPhoneSimulator.ActiveCfg = AppStore|iPhoneSimulator
		{3BB6674D-1E2A-4CFC-9B5D-2510529F2A8C}.AppStore|iPhoneSimulator.Build.0 = AppStore|iPhoneSimulator
		{3BB6674D-1E2A-4CFC-9B5D-2510529F2A8C}.Debug|Any CPU.ActiveCfg = Debug|iPhone
		{3BB6674D-1E2A-4CFC-9B5D-2510529F2A8C}.Debug|iPhone.ActiveCfg = Debug|iPhone
		{3BB6674D-1E2A-4CFC-9B5D-2510529F2A8C}.Debug|iPhone.Build.0 = Debug|iPhone
		{3BB6674D-1E2A-4CFC-9B5D-2510529F2A8C}.Debug|iPhoneSimulator.ActiveCfg = Debug|iPhoneSimulator
		{3BB6674D-1E2A-4CFC-9B5D-2510529F2A8C}.Debug|iPhoneSimulator.Build.0 = Debug|iPhoneSimulator
		{3BB6674D-1E2A-4CFC-9B5D-2510529F2A8C}.Release|Any CPU.ActiveCfg = Release|iPhone
		{3BB6674D-1E2A-4CFC-9B5D-2510529F2A8C}.Release|iPhone.ActiveCfg = Release|iPhone
		{3BB6674D-1E2A-4CFC-9B5D-2510529F2A8C}.Release|iPhone.Build.0 = Release|iPhone
		{3BB6674D-1E2A-4CFC-9B5D-2510529F2A8C}.Release|iPhoneSimulator.ActiveCfg = Release|iPhoneSimulator
		{3BB6674D-1E2A-4CFC-9B5D-2510529F2A8C}.Release|iPhoneSimulator.Build.0 = Release|iPhoneSimulator
	EndGlobalSection
	GlobalSection(SolutionProperties) = preSolution
		HideSolutionNode = FALSE
	EndGlobalSection
	GlobalSection(ExtensibilityGlobals) = postSolution
		SolutionGuid = {614F7C2A-546F-4584-B150-1A01776DF108}
	EndGlobalSection
EndGlobal
